<Solution>
  <Project Path="RealtimeChat.Api/RealtimeChat.Api.csproj" />
  <Project Path="RealtimeChat.Application/RealtimeChat.Application.csproj" />
  <Project Path="RealtimeChat.Domain/RealtimeChat.Domain.csproj" />
  <Project Path="RealtimeChat.Infrastructure/RealtimeChat.Infrastructure.csproj" />
</Solution>
